
Microsoft Visual Studio Solution File, Format Version 12.00
# Visual Studio Version 17
VisualStudioVersion = 17.2.32630.192
MinimumVisualStudioVersion = 10.0.40219.1
Project("{FAE04EC0-301F-11D3-BF4B-00C04F79EFBC}") = "ClassWork01.25.23", "ClassWork01.25.23\ClassWork01.25.23.csproj", "{D7559C1D-BD48-4502-9EEB-5504D84BD973}"
EndProject
Global
	GlobalSection(SolutionConfigurationPlatforms) = preSolution
		Debug|Any CPU = Debug|Any CPU
		Release|Any CPU = Release|Any CPU
	EndGlobalSection
	GlobalSection(ProjectConfigurationPlatforms) = postSolution
		{D7559C1D-BD48-4502-9EEB-5504D84BD973}.Debug|Any CPU.ActiveCfg = Debug|Any CPU
		{D7559C1D-BD48-4502-9EEB-5504D84BD973}.Debug|Any CPU.Build.0 = Debug|Any CPU
		{D7559C1D-BD48-4502-9EEB-5504D84BD973}.Release|Any CPU.ActiveCfg = Release|Any CPU
		{D7559C1D-BD48-4502-9EEB-5504D84BD973}.Release|Any CPU.Build.0 = Release|Any CPU
	EndGlobalSection
	GlobalSection(SolutionProperties) = preSolution
		HideSolutionNode = FALSE
	EndGlobalSection
	GlobalSection(ExtensibilityGlobals) = postSolution
		SolutionGuid = {6183228F-906A-424C-B48F-C1A98A1542C5}
	EndGlobalSection
EndGlobal
